
Microsoft Visual Studio Solution File, Format Version 12.00
# Visual Studio Version 17
VisualStudioVersion = 17.5.33516.290
MinimumVisualStudioVersion = 10.0.40219.1
Project("{2150E333-8FDC-42A3-9474-1A3956D46DE8}") = "src", "src", "{D80E7136-2395-4D71-94A6-F28AE9A88C21}"
EndProject
Project("{2150E333-8FDC-42A3-9474-1A3956D46DE8}") = "test", "test", "{E6F271C0-316F-4FC4-95EC-AA72587907D7}"
EndProject
Project("{FAE04EC0-301F-11D3-BF4B-00C04F79EFBC}") = "POS.Domain", "POS.Domain\POS.Domain.csproj", "{EC1A24EF-6966-4872-A9F7-0E31F32F954A}"
EndProject
Project("{FAE04EC0-301F-11D3-BF4B-00C04F79EFBC}") = "POS.Infrastructure", "POS.Infrastructure\POS.Infrastructure.csproj", "{119D9DC9-4669-4E65-A07D-9656A6D2D0AB}"
EndProject
Project("{FAE04EC0-301F-11D3-BF4B-00C04F79EFBC}") = "POS.Application", "POS.Application\POS.Application.csproj", "{D5543257-DF4A-409E-8B63-CB097EACF71B}"
EndProject
Project("{FAE04EC0-301F-11D3-BF4B-00C04F79EFBC}") = "POS.Api", "POS.Api\POS.Api.csproj", "{ADE8250A-BF49-4853-9687-CED03E26AFCA}"
EndProject
Project("{FAE04EC0-301F-11D3-BF4B-00C04F79EFBC}") = "POS.Utilities", "POS.Utilities\POS.Utilities.csproj", "{16BC4F55-570A-4CAA-9E06-F50F081E1914}"
EndProject
Project("{FAE04EC0-301F-11D3-BF4B-00C04F79EFBC}") = "POS.Test", "POS.Test\POS.Test.csproj", "{BFD7E146-C551-4964-A0E4-1CF4425A5410}"
EndProject
Global
	GlobalSection(SolutionConfigurationPlatforms) = preSolution
		Debug|Any CPU = Debug|Any CPU
		Release|Any CPU = Release|Any CPU
	EndGlobalSection
	GlobalSection(ProjectConfigurationPlatforms) = postSolution
		{EC1A24EF-6966-4872-A9F7-0E31F32F954A}.Debug|Any CPU.ActiveCfg = Debug|Any CPU
		{EC1A24EF-6966-4872-A9F7-0E31F32F954A}.Debug|Any CPU.Build.0 = Debug|Any CPU
		{EC1A24EF-6966-4872-A9F7-0E31F32F954A}.Release|Any CPU.ActiveCfg = Release|Any CPU
		{EC1A24EF-6966-4872-A9F7-0E31F32F954A}.Release|Any CPU.Build.0 = Release|Any CPU
		{119D9DC9-4669-4E65-A07D-9656A6D2D0AB}.Debug|Any CPU.ActiveCfg = Debug|Any CPU
		{119D9DC9-4669-4E65-A07D-9656A6D2D0AB}.Debug|Any CPU.Build.0 = Debug|Any CPU
		{119D9DC9-4669-4E65-A07D-9656A6D2D0AB}.Release|Any CPU.ActiveCfg = Release|Any CPU
		{119D9DC9-4669-4E65-A07D-9656A6D2D0AB}.Release|Any CPU.Build.0 = Release|Any CPU
		{D5543257-DF4A-409E-8B63-CB097EACF71B}.Debug|Any CPU.ActiveCfg = Debug|Any CPU
		{D5543257-DF4A-409E-8B63-CB097EACF71B}.Debug|Any CPU.Build.0 = Debug|Any CPU
		{D5543257-DF4A-409E-8B63-CB097EACF71B}.Release|Any CPU.ActiveCfg = Release|Any CPU
		{D5543257-DF4A-409E-8B63-CB097EACF71B}.Release|Any CPU.Build.0 = Release|Any CPU
		{ADE8250A-BF49-4853-9687-CED03E26AFCA}.Debug|Any CPU.ActiveCfg = Debug|Any CPU
		{ADE8250A-BF49-4853-9687-CED03E26AFCA}.Debug|Any CPU.Build.0 = Debug|Any CPU
		{ADE8250A-BF49-4853-9687-CED03E26AFCA}.Release|Any CPU.ActiveCfg = Release|Any CPU
		{ADE8250A-BF49-4853-9687-CED03E26AFCA}.Release|Any CPU.Build.0 = Release|Any CPU
		{16BC4F55-570A-4CAA-9E06-F50F081E1914}.Debug|Any CPU.ActiveCfg = Debug|Any CPU
		{16BC4F55-570A-4CAA-9E06-F50F081E1914}.Debug|Any CPU.Build.0 = Debug|Any CPU
		{16BC4F55-570A-4CAA-9E06-F50F081E1914}.Release|Any CPU.ActiveCfg = Release|Any CPU
		{16BC4F55-570A-4CAA-9E06-F50F081E1914}.Release|Any CPU.Build.0 = Release|Any CPU
		{BFD7E146-C551-4964-A0E4-1CF4425A5410}.Debug|Any CPU.ActiveCfg = Debug|Any CPU
		{BFD7E146-C551-4964-A0E4-1CF4425A5410}.Debug|Any CPU.Build.0 = Debug|Any CPU
		{BFD7E146-C551-4964-A0E4-1CF4425A5410}.Release|Any CPU.ActiveCfg = Release|Any CPU
		{BFD7E146-C551-4964-A0E4-1CF4425A5410}.Release|Any CPU.Build.0 = Release|Any CPU
	EndGlobalSection
	GlobalSection(SolutionProperties) = preSolution
		HideSolutionNode = FALSE
	EndGlobalSection
	GlobalSection(NestedProjects) = preSolution
		{EC1A24EF-6966-4872-A9F7-0E31F32F954A} = {D80E7136-2395-4D71-94A6-F28AE9A88C21}
		{119D9DC9-4669-4E65-A07D-9656A6D2D0AB} = {D80E7136-2395-4D71-94A6-F28AE9A88C21}
		{D5543257-DF4A-409E-8B63-CB097EACF71B} = {D80E7136-2395-4D71-94A6-F28AE9A88C21}
		{ADE8250A-BF49-4853-9687-CED03E26AFCA} = {D80E7136-2395-4D71-94A6-F28AE9A88C21}
		{16BC4F55-570A-4CAA-9E06-F50F081E1914} = {D80E7136-2395-4D71-94A6-F28AE9A88C21}
		{BFD7E146-C551-4964-A0E4-1CF4425A5410} = {E6F271C0-316F-4FC4-95EC-AA72587907D7}
	EndGlobalSection
	GlobalSection(ExtensibilityGlobals) = postSolution
		SolutionGuid = {846DAB4A-A13E-47F3-ADEF-3C161DCCC8BC}
	EndGlobalSection
EndGlobal
